
Microsoft Visual Studio Solution File, Format Version 12.00
# Visual Studio Version 17
VisualStudioVersion = 17.4.33205.214
MinimumVisualStudioVersion = 10.0.40219.1
Project("{FAE04EC0-301F-11D3-BF4B-00C04F79EFBC}") = "AzureDevOpsBackup", "AzureDevOpsBackup.csproj", "{4795920A-5C87-48A0-9FCF-4641D68E9CB6}"
EndProject
Project("{840C416C-B8F3-42BC-B0DD-F6BB14C9F8CB}") = "AI Setup Project", "..\AI Setup Project\AI Setup Project.aiproj", "{24DA63B0-77D2-4861-8DC1-C47EB93E88EF}"
EndProject
Global
	GlobalSection(SolutionConfigurationPlatforms) = preSolution
		All|Any CPU = All|Any CPU
		Debug|Any CPU = Debug|Any CPU
		DefaultBuild|Any CPU = DefaultBuild|Any CPU
		Release|Any CPU = Release|Any CPU
	EndGlobalSection
	GlobalSection(ProjectConfigurationPlatforms) = postSolution
		{4795920A-5C87-48A0-9FCF-4641D68E9CB6}.All|Any CPU.ActiveCfg = Release|Any CPU
		{4795920A-5C87-48A0-9FCF-4641D68E9CB6}.All|Any CPU.Build.0 = Release|Any CPU
		{4795920A-5C87-48A0-9FCF-4641D68E9CB6}.Debug|Any CPU.ActiveCfg = Debug|Any CPU
		{4795920A-5C87-48A0-9FCF-4641D68E9CB6}.Debug|Any CPU.Build.0 = Debug|Any CPU
		{4795920A-5C87-48A0-9FCF-4641D68E9CB6}.DefaultBuild|Any CPU.ActiveCfg = Debug|Any CPU
		{4795920A-5C87-48A0-9FCF-4641D68E9CB6}.DefaultBuild|Any CPU.Build.0 = Debug|Any CPU
		{4795920A-5C87-48A0-9FCF-4641D68E9CB6}.Release|Any CPU.ActiveCfg = Release|Any CPU
		{4795920A-5C87-48A0-9FCF-4641D68E9CB6}.Release|Any CPU.Build.0 = Release|Any CPU
		{24DA63B0-77D2-4861-8DC1-C47EB93E88EF}.All|Any CPU.ActiveCfg = DefaultBuild
		{24DA63B0-77D2-4861-8DC1-C47EB93E88EF}.All|Any CPU.Build.0 = DefaultBuild
		{24DA63B0-77D2-4861-8DC1-C47EB93E88EF}.Debug|Any CPU.ActiveCfg = DefaultBuild
		{24DA63B0-77D2-4861-8DC1-C47EB93E88EF}.DefaultBuild|Any CPU.ActiveCfg = DefaultBuild
		{24DA63B0-77D2-4861-8DC1-C47EB93E88EF}.DefaultBuild|Any CPU.Build.0 = DefaultBuild
		{24DA63B0-77D2-4861-8DC1-C47EB93E88EF}.Release|Any CPU.ActiveCfg = DefaultBuild
		{24DA63B0-77D2-4861-8DC1-C47EB93E88EF}.Release|Any CPU.Build.0 = DefaultBuild
	EndGlobalSection
	GlobalSection(SolutionProperties) = preSolution
		HideSolutionNode = FALSE
	EndGlobalSection
	GlobalSection(ExtensibilityGlobals) = postSolution
		SolutionGuid = {9B1BCB82-A647-4042-A079-E8C26AA5BEEF}
	EndGlobalSection
EndGlobal
